{
  "name": "todo-expiry",
  "version": "0.1.2",
  "lockfileVersion": 3,
  "requires": true,
  "packages": {
    "": {
      "name": "todo-expiry",
      "version": "0.1.2",
      "license": "MIT",
      "bin": {
        "todo-expiry": "bin/todo-expiry.js"
      },
      "engines": {
        "node": ">=18"
      }
    }
  }
}
